{
  "requires": true,
  "lockfileVersion": 1,
  "dependencies": {
    "react-webcam": {
      "version": "3.0.1",
      "resolved": "https://registry.npmjs.org/react-webcam/-/react-webcam-3.0.1.tgz",
      "integrity": "sha512-Kwe5m+OWViSsOYv3M/JoIb+5wwa6rlbaubXJ3/dSvEU2wjjJ9e4pJ0QVpRSGle0bCQDuWRDzUcgCG8+bLYKjug=="
    }
  }
}
